// !$*UTF8*$!
{
	archiveVersion = 1;
	classes = {
	};
	objectVersion = 50;
	objects = {

/* Begin PBXBuildFile section */
		414EA88E26C01E1400602F0D /* AppDelegate.swift in Sources */ = {isa = PBXBuildFile; fileRef = 414EA88D26C01E1400602F0D /* AppDelegate.swift */; };
		414EA89026C01E1400602F0D /* GameScene.sks in Resources */ = {isa = PBXBuildFile; fileRef = 414EA88F26C01E1400602F0D /* GameScene.sks */; };
		414EA89226C01E1400602F0D /* Actions.sks in Resources */ = {isa = PBXBuildFile; fileRef = 414EA89126C01E1400602F0D /* Actions.sks */; };
		414EA89426C01E1400602F0D /* GameScene.swift in Sources */ = {isa = PBXBuildFile; fileRef = 414EA89326C01E1400602F0D /* GameScene.swift */; };
		414EA89626C01E1400602F0D /* GameViewController.swift in Sources */ = {isa = PBXBuildFile; fileRef = 414EA89526C01E1400602F0D /* GameViewController.swift */; };
		414EA89926C01E1400602F0D /* Main.storyboard in Resources */ = {isa = PBXBuildFile; fileRef = 414EA89726C01E1400602F0D /* Main.storyboard */; };
		414EA89B26C01E1600602F0D /* Assets.xcassets in Resources */ = {isa = PBXBuildFile; fileRef = 414EA89A26C01E1600602F0D /* Assets.xcassets */; };
		414EA8A326C0280A00602F0D /* GSECreateGrid.swift in Sources */ = {isa = PBXBuildFile; fileRef = 414EA8A226C0280A00602F0D /* GSECreateGrid.swift */; };
		414EA8A526C1EC5700602F0D /* truth-in-the-stones.mp3 in Resources */ = {isa = PBXBuildFile; fileRef = 414EA8A426C1EC5700602F0D /* truth-in-the-stones.mp3 */; };
		414EA8A726C1ECC700602F0D /* wrong-1.wav in Resources */ = {isa = PBXBuildFile; fileRef = 414EA8A626C1ECC700602F0D /* wrong-1.wav */; };
		414EA8A926C1ECCF00602F0D /* correct-1.wav in Resources */ = {isa = PBXBuildFile; fileRef = 414EA8A826C1ECCF00602F0D /* correct-1.wav */; };
/* End PBXBuildFile section */

/* Begin PBXFileReference section */
		414EA88A26C01E1400602F0D /* PuzzleGame.app */ = {isa = PBXFileReference; explicitFileType = wrapper.application; includeInIndex = 0; path = PuzzleGame.app; sourceTree = BUILT_PRODUCTS_DIR; };
		414EA88D26C01E1400602F0D /* AppDelegate.swift */ = {isa = PBXFileReference; lastKnownFileType = sourcecode.swift; path = AppDelegate.swift; sourceTree = "<group>"; };
		414EA88F26C01E1400602F0D /* GameScene.sks */ = {isa = PBXFileReference; lastKnownFileType = file.sks; path = GameScene.sks; sourceTree = "<group>"; };
		414EA89126C01E1400602F0D /* Actions.sks */ = {isa = PBXFileReference; lastKnownFileType = file.sks; path = Actions.sks; sourceTree = "<group>"; };
		414EA89326C01E1400602F0D /* GameScene.swift */ = {isa = PBXFileReference; lastKnownFileType = sourcecode.swift; path = GameScene.swift; sourceTree = "<group>"; };
		414EA89526C01E1400602F0D /* GameViewController.swift */ = {isa = PBXFileReference; lastKnownFileType = sourcecode.swift; path = GameViewController.swift; sourceTree = "<group>"; };
		414EA89826C01E1400602F0D /* Base */ = {isa = PBXFileReference; lastKnownFileType = file.storyboard; name = Base; path = Base.lproj/Main.storyboard; sourceTree = "<group>"; };
		414EA89A26C01E1600602F0D /* Assets.xcassets */ = {isa = PBXFileReference; lastKnownFileType = folder.assetcatalog; path = Assets.xcassets; sourceTree = "<group>"; };
		414EA89C26C01E1600602F0D /* Info.plist */ = {isa = PBXFileReference; lastKnownFileType = text.plist.xml; path = Info.plist; sourceTree = "<group>"; };
		414EA8A226C0280A00602F0D /* GSECreateGrid.swift */ = {isa = PBXFileReference; lastKnownFileType = sourcecode.swift; path = GSECreateGrid.swift; sourceTree = "<group>"; };
		414EA8A426C1EC5700602F0D /* truth-in-the-stones.mp3 */ = {isa = PBXFileReference; lastKnownFileType = audio.mp3; path = "truth-in-the-stones.mp3"; sourceTree = "<group>"; };
		414EA8A626C1ECC700602F0D /* wrong-1.wav */ = {isa = PBXFileReference; lastKnownFileType = audio.wav; path = "wrong-1.wav"; sourceTree = "<group>"; };
		414EA8A826C1ECCF00602F0D /* correct-1.wav */ = {isa = PBXFileReference; lastKnownFileType = audio.wav; path = "correct-1.wav"; sourceTree = "<group>"; };
/* End PBXFileReference section */

/* Begin PBXFrameworksBuildPhase section */
		414EA88726C01E1400602F0D /* Frameworks */ = {
			isa = PBXFrameworksBuildPhase;
			buildActionMask = 2147483647;
			files = (
			);
			runOnlyForDeploymentPostprocessing = 0;
		};
/* End PBXFrameworksBuildPhase section */

/* Begin PBXGroup section */
		414EA88126C01E1400602F0D = {
			isa = PBXGroup;
			children = (
				414EA88C26C01E1400602F0D /* PuzzleGame */,
				414EA88B26C01E1400602F0D /* Products */,
			);
			sourceTree = "<group>";
		};
		414EA88B26C01E1400602F0D /* Products */ = {
			isa = PBXGroup;
			children = (
				414EA88A26C01E1400602F0D /* PuzzleGame.app */,
			);
			name = Products;
			sourceTree = "<group>";
		};
		414EA88C26C01E1400602F0D /* PuzzleGame */ = {
			isa = PBXGroup;
			children = (
				414EA8A426C1EC5700602F0D /* truth-in-the-stones.mp3 */,
				414EA8A626C1ECC700602F0D /* wrong-1.wav */,
				414EA8A826C1ECCF00602F0D /* correct-1.wav */,
				414EA88D26C01E1400602F0D /* AppDelegate.swift */,
				414EA88F26C01E1400602F0D /* GameScene.sks */,
				414EA89126C01E1400602F0D /* Actions.sks */,
				414EA89326C01E1400602F0D /* GameScene.swift */,
				414EA8A226C0280A00602F0D /* GSECreateGrid.swift */,
				414EA89526C01E1400602F0D /* GameViewController.swift */,
				414EA89726C01E1400602F0D /* Main.storyboard */,
				414EA89A26C01E1600602F0D /* Assets.xcassets */,
				414EA89C26C01E1600602F0D /* Info.plist */,
			);
			path = PuzzleGame;
			sourceTree = "<group>";
		};
/* End PBXGroup section */

/* Begin PBXNativeTarget section */
		414EA88926C01E1400602F0D /* PuzzleGame */ = {
			isa = PBXNativeTarget;
			buildConfigurationList = 414EA89F26C01E1600602F0D /* Build configuration list for PBXNativeTarget "PuzzleGame" */;
			buildPhases = (
				414EA88626C01E1400602F0D /* Sources */,
				414EA88726C01E1400602F0D /* Frameworks */,
				414EA88826C01E1400602F0D /* Resources */,
			);
			buildRules = (
			);
			dependencies = (
			);
			name = PuzzleGame;
			productName = PuzzleGame;
			productReference = 414EA88A26C01E1400602F0D /* PuzzleGame.app */;
			productType = "com.apple.product-type.application";
		};
/* End PBXNativeTarget section */

/* Begin PBXProject section */
		414EA88226C01E1400602F0D /* Project object */ = {
			isa = PBXProject;
			attributes = {
				LastSwiftUpdateCheck = 1250;
				LastUpgradeCheck = 1250;
				TargetAttributes = {
					414EA88926C01E1400602F0D = {
						CreatedOnToolsVersion = 12.5.1;
					};
				};
			};
			buildConfigurationList = 414EA88526C01E1400602F0D /* Build configuration list for PBXProject "PuzzleGame" */;
			compatibilityVersion = "Xcode 9.3";
			developmentRegion = en;
			hasScannedForEncodings = 0;
			knownRegions = (
				en,
				Base,
			);
			mainGroup = 414EA88126C01E1400602F0D;
			productRefGroup = 414EA88B26C01E1400602F0D /* Products */;
			projectDirPath = "";
			projectRoot = "";
			targets = (
				414EA88926C01E1400602F0D /* PuzzleGame */,
			);
		};
/* End PBXProject section */

/* Begin PBXResourcesBuildPhase section */
		414EA88826C01E1400602F0D /* Resources */ = {
			isa = PBXResourcesBuildPhase;
			buildActionMask = 2147483647;
			files = (
				414EA89926C01E1400602F0D /* Main.storyboard in Resources */,
				414EA89026C01E1400602F0D /* GameScene.sks in Resources */,
				414EA8A526C1EC5700602F0D /* truth-in-the-stones.mp3 in Resources */,
				414EA8A926C1ECCF00602F0D /* correct-1.wav in Resources */,
				414EA89B26C01E1600602F0D /* Assets.xcassets in Resources */,
				414EA8A726C1ECC700602F0D /* wrong-1.wav in Resources */,
				414EA89226C01E1400602F0D /* Actions.sks in Resources */,
			);
			runOnlyForDeploymentPostprocessing = 0;
		};
/* End PBXResourcesBuildPhase section */

/* Begin PBXSourcesBuildPhase section */
		414EA88626C01E1400602F0D /* Sources */ = {
			isa = PBXSourcesBuildPhase;
			buildActionMask = 2147483647;
			files = (
				414EA89426C01E1400602F0D /* GameScene.swift in Sources */,
				414EA89626C01E1400602F0D /* GameViewController.swift in Sources */,
				414EA88E26C01E1400602F0D /* AppDelegate.swift in Sources */,
				414EA8A326C0280A00602F0D /* GSECreateGrid.swift in Sources */,
			);
			runOnlyForDeploymentPostprocessing = 0;
		};
/* End PBXSourcesBuildPhase section */

/* Begin PBXVariantGroup section */
		414EA89726C01E1400602F0D /* Main.storyboard */ = {
			isa = PBXVariantGroup;
			children = (
				414EA89826C01E1400602F0D /* Base */,
			);
			name = Main.storyboard;
			sourceTree = "<group>";
		};
/* End PBXVariantGroup section */

/* Begin XCBuildConfiguration section */
		414EA89D26C01E1600602F0D /* Debug */ = {
			isa = XCBuildConfiguration;
			buildSettings = {
				ALWAYS_SEARCH_USER_PATHS = NO;
				CLANG_ANALYZER_NONNULL = YES;
				CLANG_ANALYZER_NUMBER_OBJECT_CONVERSION = YES_AGGRESSIVE;
				CLANG_CXX_LANGUAGE_STANDARD = "gnu++14";
				CLANG_CXX_LIBRARY = "libc++";
				CLANG_ENABLE_MODULES = YES;
				CLANG_ENABLE_OBJC_ARC = YES;
				CLANG_ENABLE_OBJC_WEAK = YES;
				CLANG_WARN_BLOCK_CAPTURE_AUTORELEASING = YES;
				CLANG_WARN_BOOL_CONVERSION = YES;
				CLANG_WARN_COMMA = YES;
				CLANG_WARN_CONSTANT_CONVERSION = YES;
				CLANG_WARN_DEPRECATED_OBJC_IMPLEMENTATIONS = YES;
				CLANG_WARN_DIRECT_OBJC_ISA_USAGE = YES_ERROR;
				CLANG_WARN_DOCUMENTATION_COMMENTS = YES;
				CLANG_WARN_EMPTY_BODY = YES;
				CLANG_WARN_ENUM_CONVERSION = YES;
				CLANG_WARN_INFINITE_RECURSION = YES;
				CLANG_WARN_INT_CONVERSION = YES;
				CLANG_WARN_NON_LITERAL_NULL_CONVERSION = YES;
				CLANG_WARN_OBJC_IMPLICIT_RETAIN_SELF = YES;
				CLANG_WARN_OBJC_LITERAL_CONVERSION = YES;
				CLANG_WARN_OBJC_ROOT_CLASS = YES_ERROR;
				CLANG_WARN_QUOTED_INCLUDE_IN_FRAMEWORK_HEADER = YES;
				CLANG_WARN_RANGE_LOOP_ANALYSIS = YES;
				CLANG_WARN_STRICT_PROTOTYPES = YES;
				CLANG_WARN_SUSPICIOUS_MOVE = YES;
				CLANG_WARN_UNGUARDED_AVAILABILITY = YES_AGGRESSIVE;
				CLANG_WARN_UNREACHABLE_CODE = YES;
				CLANG_WARN__DUPLICATE_METHOD_MATCH = YES;
				COPY_PHASE_STRIP = NO;
				DEBUG_INFORMATION_FORMAT = dwarf;
				ENABLE_STRICT_OBJC_MSGSEND = YES;
				ENABLE_TESTABILITY = YES;
				GCC_C_LANGUAGE_STANDARD = gnu11;
				GCC_DYNAMIC_NO_PIC = NO;
				GCC_NO_COMMON_BLOCKS = YES;
				GCC_OPTIMIZATION_LEVEL = 0;
				GCC_PREPROCESSOR_DEFINITIONS = (
					"DEBUG=1",
					"$(inherited)",
				);
				GCC_WARN_64_TO_32_BIT_CONVERSION = YES;
				GCC_WARN_ABOUT_RETURN_TYPE = YES_ERROR;
				GCC_WARN_UNDECLARED_SELECTOR = YES;
				GCC_WARN_UNINITIALIZED_AUTOS = YES_AGGRESSIVE;
				GCC_WARN_UNUSED_FUNCTION = YES;
				GCC_WARN_UNUSED_VARIABLE = YES;
				IPHONEOS_DEPLOYMENT_TARGET = 14.5;
				MTL_ENABLE_DEBUG_INFO = INCLUDE_SOURCE;
				MTL_FAST_MATH = YES;
				ONLY_ACTIVE_ARCH = YES;
				SDKROOT = iphoneos;
				SWIFT_ACTIVE_COMPILATION_CONDITIONS = DEBUG;
				SWIFT_OPTIMIZATION_LEVEL = "-Onone";
			};
			name = Debug;
		};
		414EA89E26C01E1600602F0D /* Release */ = {
			isa = XCBuildConfiguration;
			buildSettings = {
				ALWAYS_SEARCH_USER_PATHS = NO;
				CLANG_ANALYZER_NONNULL = YES;
				CLANG_ANALYZER_NUMBER_OBJECT_CONVERSION = YES_AGGRESSIVE;
				CLANG_CXX_LANGUAGE_STANDARD = "gnu++14";
				CLANG_CXX_LIBRARY = "libc++";
				CLANG_ENABLE_MODULES = YES;
				CLANG_ENABLE_OBJC_ARC = YES;
				CLANG_ENABLE_OBJC_WEAK = YES;
				CLANG_WARN_BLOCK_CAPTURE_AUTORELEASING = YES;
				CLANG_WARN_BOOL_CONVERSION = YES;
				CLANG_WARN_COMMA = YES;
				CLANG_WARN_CONSTANT_CONVERSION = YES;
				CLANG_WARN_DEPRECATED_OBJC_IMPLEMENTATIONS = YES;
				CLANG_WARN_DIRECT_OBJC_ISA_USAGE = YES_ERROR;
				CLANG_WARN_DOCUMENTATION_COMMENTS = YES;
				CLANG_WARN_EMPTY_BODY = YES;
				CLANG_WARN_ENUM_CONVERSION = YES;
				CLANG_WARN_INFINITE_RECURSION = YES;
				CLANG_WARN_INT_CONVERSION = YES;
				CLANG_WARN_NON_LITERAL_NULL_CONVERSION = YES;
				CLANG_WARN_OBJC_IMPLICIT_RETAIN_SELF = YES;
				CLANG_WARN_OBJC_LITERAL_CONVERSION = YES;
				CLANG_WARN_OBJC_ROOT_CLASS = YES_ERROR;
				CLANG_WARN_QUOTED_INCLUDE_IN_FRAMEWORK_HEADER = YES;
				CLANG_WARN_RANGE_LOOP_ANALYSIS = YES;
				CLANG_WARN_STRICT_PROTOTYPES = YES;
				CLANG_WARN_SUSPICIOUS_MOVE = YES;
				CLANG_WARN_UNGUARDED_AVAILABILITY = YES_AGGRESSIVE;
				CLANG_WARN_UNREACHABLE_CODE = YES;
				CLANG_WARN__DUPLICATE_METHOD_MATCH = YES;
				COPY_PHASE_STRIP = NO;
				DEBUG_INFORMATION_FORMAT = "dwarf-with-dsym";
				ENABLE_NS_ASSERTIONS = NO;
				ENABLE_STRICT_OBJC_MSGSEND = YES;
				GCC_C_LANGUAGE_STANDARD = gnu11;
				GCC_NO_COMMON_BLOCKS = YES;
				GCC_WARN_64_TO_32_BIT_CONVERSION = YES;
				GCC_WARN_ABOUT_RETURN_TYPE = YES_ERROR;
				GCC_WARN_UNDECLARED_SELECTOR = YES;
				GCC_WARN_UNINITIALIZED_AUTOS = YES_AGGRESSIVE;
				GCC_WARN_UNUSED_FUNCTION = YES;
				GCC_WARN_UNUSED_VARIABLE = YES;
				IPHONEOS_DEPLOYMENT_TARGET = 14.5;
				MTL_ENABLE_DEBUG_INFO = NO;
				MTL_FAST_MATH = YES;
				SDKROOT = iphoneos;
				SWIFT_COMPILATION_MODE = wholemodule;
				SWIFT_OPTIMIZATION_LEVEL = "-O";
				VALIDATE_PRODUCT = YES;
			};
			name = Release;
		};
		414EA8A026C01E1600602F0D /* Debug */ = {
			isa = XCBuildConfiguration;
			buildSettings = {
				ASSETCATALOG_COMPILER_APPICON_NAME = AppIcon;
				ASSETCATALOG_COMPILER_GLOBAL_ACCENT_COLOR_NAME = AccentColor;
				CODE_SIGN_STYLE = Automatic;
				DEVELOPMENT_TEAM = 947MDTH7AR;
				INFOPLIST_FILE = PuzzleGame/Info.plist;
				LD_RUNPATH_SEARCH_PATHS = (
					"$(inherited)",
					"@executable_path/Frameworks",
				);
				PRODUCT_BUNDLE_IDENTIFIER = FrankfurtIndustries.PuzzleGame;
				PRODUCT_NAME = "$(TARGET_NAME)";
				SWIFT_VERSION = 5.0;
				TARGETED_DEVICE_FAMILY = "1,2";
			};
			name = Debug;
		};
		414EA8A126C01E1600602F0D /* Release */ = {
			isa = XCBuildConfiguration;
			buildSettings = {
				ASSETCATALOG_COMPILER_APPICON_NAME = AppIcon;
				ASSETCATALOG_COMPILER_GLOBAL_ACCENT_COLOR_NAME = AccentColor;
				CODE_SIGN_STYLE = Automatic;
				DEVELOPMENT_TEAM = 947MDTH7AR;
				INFOPLIST_FILE = PuzzleGame/Info.plist;
				LD_RUNPATH_SEARCH_PATHS = (
					"$(inherited)",
					"@executable_path/Frameworks",
				);
				PRODUCT_BUNDLE_IDENTIFIER = FrankfurtIndustries.PuzzleGame;
				PRODUCT_NAME = "$(TARGET_NAME)";
				SWIFT_VERSION = 5.0;
				TARGETED_DEVICE_FAMILY = "1,2";
			};
			name = Release;
		};
/* End XCBuildConfiguration section */

/* Begin XCConfigurationList section */
		414EA88526C01E1400602F0D /* Build configuration list for PBXProject "PuzzleGame" */ = {
			isa = XCConfigurationList;
			buildConfigurations = (
				414EA89D26C01E1600602F0D /* Debug */,
				414EA89E26C01E1600602F0D /* Release */,
			);
			defaultConfigurationIsVisible = 0;
			defaultConfigurationName = Release;
		};
		414EA89F26C01E1600602F0D /* Build configuration list for PBXNativeTarget "PuzzleGame" */ = {
			isa = XCConfigurationList;
			buildConfigurations = (
				414EA8A026C01E1600602F0D /* Debug */,
				414EA8A126C01E1600602F0D /* Release */,
			);
			defaultConfigurationIsVisible = 0;
			defaultConfigurationName = Release;
		};
/* End XCConfigurationList section */
	};
	rootObject = 414EA88226C01E1400602F0D /* Project object */;
}
